
Microsoft Visual Studio Solution File, Format Version 12.00
# Visual Studio Version 16
VisualStudioVersion = 16.0.30523.141
MinimumVisualStudioVersion = 10.0.40219.1
Project("{9A19103F-16F7-4668-BE54-9A1E7A4F7556}") = "TwitchBot.Service", "TwitchBot.Service\TwitchBot.Service.csproj", "{7F3D2C9E-6E46-442B-A933-07FBE7D48181}"
EndProject
Project("{2150E333-8FDC-42A3-9474-1A3956D46DE8}") = "Solution Items", "Solution Items", "{6599F383-5827-4743-99B4-18B1F9BE90E8}"
	ProjectSection(SolutionItems) = preProject
		README.md = README.md
	EndProjectSection
EndProject
Project("{2150E333-8FDC-42A3-9474-1A3956D46DE8}") = "ChatBotPrime", "ChatBotPrime", "{48643C15-0CF9-46ED-8B7D-E8F69810F47B}"
EndProject
Project("{9A19103F-16F7-4668-BE54-9A1E7A4F7556}") = "ChatBotPrime.Core", "CharBotPrime\ChatBotPrime.Core\ChatBotPrime.Core.csproj", "{59FB37C8-D681-4180-B740-82332716F82F}"
EndProject
Project("{9A19103F-16F7-4668-BE54-9A1E7A4F7556}") = "ChatBotPrime.Infra.Chat.Discord", "CharBotPrime\ChatBotPrime.Infra.Chat.Discord\ChatBotPrime.Infra.Chat.Discord.csproj", "{D1A0BEA6-DD14-4318-9941-A4D3085DA6EC}"
EndProject
Project("{9A19103F-16F7-4668-BE54-9A1E7A4F7556}") = "ChatBotPrime.Infra.Chat.Twitch", "CharBotPrime\ChatBotPrime.Infra.Chat.Twitch\ChatBotPrime.Infra.Chat.Twitch.csproj", "{72E22542-A646-4B22-B5E1-CEADC6755C69}"
EndProject
Project("{9A19103F-16F7-4668-BE54-9A1E7A4F7556}") = "ChatBotPrime.Infra.ChatHander", "CharBotPrime\ChatBotPrime.Infra.CommandHander\ChatBotPrime.Infra.ChatHander.csproj", "{86E9FE68-F9BA-405D-8A65-9EBB031E71DA}"
EndProject
Project("{2150E333-8FDC-42A3-9474-1A3956D46DE8}") = "Libraries", "Libraries", "{7AB51C8C-535E-49C2-86F4-16CD63F60682}"
EndProject
Project("{FAE04EC0-301F-11D3-BF4B-00C04F79EFBC}") = "vic10usb0t.Twitch.CommandHandlers", "libs\vic10usb0t.Twitch.CommandHandlers\vic10usb0t.Twitch.CommandHandlers.csproj", "{614EBB6B-7B59-4B73-BBBF-F22FD9C1DF8F}"
EndProject
Global
	GlobalSection(SolutionConfigurationPlatforms) = preSolution
		Debug|Any CPU = Debug|Any CPU
		Release|Any CPU = Release|Any CPU
	EndGlobalSection
	GlobalSection(ProjectConfigurationPlatforms) = postSolution
		{7F3D2C9E-6E46-442B-A933-07FBE7D48181}.Debug|Any CPU.ActiveCfg = Debug|Any CPU
		{7F3D2C9E-6E46-442B-A933-07FBE7D48181}.Debug|Any CPU.Build.0 = Debug|Any CPU
		{7F3D2C9E-6E46-442B-A933-07FBE7D48181}.Release|Any CPU.ActiveCfg = Release|Any CPU
		{7F3D2C9E-6E46-442B-A933-07FBE7D48181}.Release|Any CPU.Build.0 = Release|Any CPU
		{59FB37C8-D681-4180-B740-82332716F82F}.Debug|Any CPU.ActiveCfg = Debug|Any CPU
		{59FB37C8-D681-4180-B740-82332716F82F}.Debug|Any CPU.Build.0 = Debug|Any CPU
		{59FB37C8-D681-4180-B740-82332716F82F}.Release|Any CPU.ActiveCfg = Release|Any CPU
		{59FB37C8-D681-4180-B740-82332716F82F}.Release|Any CPU.Build.0 = Release|Any CPU
		{D1A0BEA6-DD14-4318-9941-A4D3085DA6EC}.Debug|Any CPU.ActiveCfg = Debug|Any CPU
		{D1A0BEA6-DD14-4318-9941-A4D3085DA6EC}.Debug|Any CPU.Build.0 = Debug|Any CPU
		{D1A0BEA6-DD14-4318-9941-A4D3085DA6EC}.Release|Any CPU.ActiveCfg = Release|Any CPU
		{D1A0BEA6-DD14-4318-9941-A4D3085DA6EC}.Release|Any CPU.Build.0 = Release|Any CPU
		{72E22542-A646-4B22-B5E1-CEADC6755C69}.Debug|Any CPU.ActiveCfg = Debug|Any CPU
		{72E22542-A646-4B22-B5E1-CEADC6755C69}.Debug|Any CPU.Build.0 = Debug|Any CPU
		{72E22542-A646-4B22-B5E1-CEADC6755C69}.Release|Any CPU.ActiveCfg = Release|Any CPU
		{72E22542-A646-4B22-B5E1-CEADC6755C69}.Release|Any CPU.Build.0 = Release|Any CPU
		{86E9FE68-F9BA-405D-8A65-9EBB031E71DA}.Debug|Any CPU.ActiveCfg = Debug|Any CPU
		{86E9FE68-F9BA-405D-8A65-9EBB031E71DA}.Debug|Any CPU.Build.0 = Debug|Any CPU
		{86E9FE68-F9BA-405D-8A65-9EBB031E71DA}.Release|Any CPU.ActiveCfg = Release|Any CPU
		{86E9FE68-F9BA-405D-8A65-9EBB031E71DA}.Release|Any CPU.Build.0 = Release|Any CPU
		{614EBB6B-7B59-4B73-BBBF-F22FD9C1DF8F}.Debug|Any CPU.ActiveCfg = Debug|Any CPU
		{614EBB6B-7B59-4B73-BBBF-F22FD9C1DF8F}.Debug|Any CPU.Build.0 = Debug|Any CPU
		{614EBB6B-7B59-4B73-BBBF-F22FD9C1DF8F}.Release|Any CPU.ActiveCfg = Release|Any CPU
		{614EBB6B-7B59-4B73-BBBF-F22FD9C1DF8F}.Release|Any CPU.Build.0 = Release|Any CPU
	EndGlobalSection
	GlobalSection(SolutionProperties) = preSolution
		HideSolutionNode = FALSE
	EndGlobalSection
	GlobalSection(NestedProjects) = preSolution
		{59FB37C8-D681-4180-B740-82332716F82F} = {48643C15-0CF9-46ED-8B7D-E8F69810F47B}
		{D1A0BEA6-DD14-4318-9941-A4D3085DA6EC} = {48643C15-0CF9-46ED-8B7D-E8F69810F47B}
		{72E22542-A646-4B22-B5E1-CEADC6755C69} = {48643C15-0CF9-46ED-8B7D-E8F69810F47B}
		{86E9FE68-F9BA-405D-8A65-9EBB031E71DA} = {48643C15-0CF9-46ED-8B7D-E8F69810F47B}
		{614EBB6B-7B59-4B73-BBBF-F22FD9C1DF8F} = {7AB51C8C-535E-49C2-86F4-16CD63F60682}
	EndGlobalSection
	GlobalSection(ExtensibilityGlobals) = postSolution
		SolutionGuid = {977C9637-4C61-4221-A173-E9F384CAA5E6}
	EndGlobalSection
EndGlobal
